
Microsoft Visual Studio Solution File, Format Version 12.00
# Visual Studio 15
VisualStudioVersion = 15.0.27703.2042
MinimumVisualStudioVersion = 10.0.40219.1
Project("{8BC9CEB8-8B4A-11D0-8D11-00A0C91BC942}") = "ray", "ray.vcxproj", "{89CF50FD-5D2F-4EF6-94DD-C8822E571483}"
EndProject
Global
	GlobalSection(SolutionConfigurationPlatforms) = preSolution
		Debug|x64 = Debug|x64
		Debug|x86 = Debug|x86
		Release|x64 = Release|x64
		Release|x86 = Release|x86
	EndGlobalSection
	GlobalSection(ProjectConfigurationPlatforms) = postSolution
		{89CF50FD-5D2F-4EF6-94DD-C8822E571483}.Debug|x64.ActiveCfg = Debug|x64
		{89CF50FD-5D2F-4EF6-94DD-C8822E571483}.Debug|x64.Build.0 = Debug|x64
		{89CF50FD-5D2F-4EF6-94DD-C8822E571483}.Debug|x86.ActiveCfg = Debug|Win32
		{89CF50FD-5D2F-4EF6-94DD-C8822E571483}.Debug|x86.Build.0 = Debug|Win32
		{89CF50FD-5D2F-4EF6-94DD-C8822E571483}.Release|x64.ActiveCfg = Release|x64
		{89CF50FD-5D2F-4EF6-94DD-C8822E571483}.Release|x64.Build.0 = Release|x64
		{89CF50FD-5D2F-4EF6-94DD-C8822E571483}.Release|x86.ActiveCfg = Release|Win32
		{89CF50FD-5D2F-4EF6-94DD-C8822E571483}.Release|x86.Build.0 = Release|Win32
	EndGlobalSection
	GlobalSection(SolutionProperties) = preSolution
		HideSolutionNode = FALSE
	EndGlobalSection
	GlobalSection(ExtensibilityGlobals) = postSolution
		SolutionGuid = {912C4C9D-438D-4E25-8917-AB25ED758CB0}
	EndGlobalSection
EndGlobal
